// !$*UTF8*$!
{
	archiveVersion = 1;
	classes = {
	};
	objectVersion = 50;
	objects = {

/* Begin PBXBuildFile section */
		16467B1A2376BE9400D97ED0 /* main.cpp in Sources */ = {isa = PBXBuildFile; fileRef = 16467B192376BE9400D97ED0 /* main.cpp */; };
		1682EA452376C2A800E2A1C9 /* libsfml-system.2.5.1.dylib in Frameworks */ = {isa = PBXBuildFile; fileRef = 1682EA402376C2A800E2A1C9 /* libsfml-system.2.5.1.dylib */; };
		1682EA462376C2A800E2A1C9 /* libsfml-audio.2.5.1.dylib in Frameworks */ = {isa = PBXBuildFile; fileRef = 1682EA412376C2A800E2A1C9 /* libsfml-audio.2.5.1.dylib */; };
		1682EA472376C2A800E2A1C9 /* libsfml-window.2.5.1.dylib in Frameworks */ = {isa = PBXBuildFile; fileRef = 1682EA422376C2A800E2A1C9 /* libsfml-window.2.5.1.dylib */; };
		1682EA482376C2A800E2A1C9 /* libsfml-graphics.2.5.1.dylib in Frameworks */ = {isa = PBXBuildFile; fileRef = 1682EA432376C2A800E2A1C9 /* libsfml-graphics.2.5.1.dylib */; };
		1682EA492376C2A800E2A1C9 /* libsfml-network.2.5.1.dylib in Frameworks */ = {isa = PBXBuildFile; fileRef = 1682EA442376C2A800E2A1C9 /* libsfml-network.2.5.1.dylib */; };
/* End PBXBuildFile section */

/* Begin PBXCopyFilesBuildPhase section */
		16467B142376BE9400D97ED0 /* CopyFiles */ = {
			isa = PBXCopyFilesBuildPhase;
			buildActionMask = 2147483647;
			dstPath = /usr/share/man/man1/;
			dstSubfolderSpec = 0;
			files = (
			);
			runOnlyForDeploymentPostprocessing = 1;
		};
/* End PBXCopyFilesBuildPhase section */

/* Begin PBXFileReference section */
		16467B162376BE9400D97ED0 /* JowaSimulator */ = {isa = PBXFileReference; explicitFileType = "compiled.mach-o.executable"; includeInIndex = 0; path = JowaSimulator; sourceTree = BUILT_PRODUCTS_DIR; };
		16467B192376BE9400D97ED0 /* main.cpp */ = {isa = PBXFileReference; lastKnownFileType = sourcecode.cpp.cpp; path = main.cpp; sourceTree = "<group>"; };
		16467B212376BEEB00D97ED0 /* libsfml-audio.2.5.1.dylib */ = {isa = PBXFileReference; lastKnownFileType = "compiled.mach-o.dylib"; name = "libsfml-audio.2.5.1.dylib"; path = "../SFML/lib/libsfml-audio.2.5.1.dylib"; sourceTree = "<group>"; };
		16467B222376BEEB00D97ED0 /* libsfml-graphics.2.5.1.dylib */ = {isa = PBXFileReference; lastKnownFileType = "compiled.mach-o.dylib"; name = "libsfml-graphics.2.5.1.dylib"; path = "../SFML/lib/libsfml-graphics.2.5.1.dylib"; sourceTree = "<group>"; };
		16467B232376BEEB00D97ED0 /* libsfml-window.2.5.1.dylib */ = {isa = PBXFileReference; lastKnownFileType = "compiled.mach-o.dylib"; name = "libsfml-window.2.5.1.dylib"; path = "../SFML/lib/libsfml-window.2.5.1.dylib"; sourceTree = "<group>"; };
		16467B242376BEEB00D97ED0 /* libsfml-system.2.5.1.dylib */ = {isa = PBXFileReference; lastKnownFileType = "compiled.mach-o.dylib"; name = "libsfml-system.2.5.1.dylib"; path = "../SFML/lib/libsfml-system.2.5.1.dylib"; sourceTree = "<group>"; };
		16467B252376BEEB00D97ED0 /* libsfml-network.2.5.1.dylib */ = {isa = PBXFileReference; lastKnownFileType = "compiled.mach-o.dylib"; name = "libsfml-network.2.5.1.dylib"; path = "../SFML/lib/libsfml-network.2.5.1.dylib"; sourceTree = "<group>"; };
		16467B302376C1D200D97ED0 /* libsfml-window.2.5.1.dylib */ = {isa = PBXFileReference; lastKnownFileType = "compiled.mach-o.dylib"; name = "libsfml-window.2.5.1.dylib"; path = "../tamagochi-1/tamagochi-mac/SFML/lib/libsfml-window.2.5.1.dylib"; sourceTree = "<group>"; };
		16467B312376C1D200D97ED0 /* libsfml-system.2.5.1.dylib */ = {isa = PBXFileReference; lastKnownFileType = "compiled.mach-o.dylib"; name = "libsfml-system.2.5.1.dylib"; path = "../tamagochi-1/tamagochi-mac/SFML/lib/libsfml-system.2.5.1.dylib"; sourceTree = "<group>"; };
		16467B322376C1D200D97ED0 /* libsfml-graphics.2.5.1.dylib */ = {isa = PBXFileReference; lastKnownFileType = "compiled.mach-o.dylib"; name = "libsfml-graphics.2.5.1.dylib"; path = "../tamagochi-1/tamagochi-mac/SFML/lib/libsfml-graphics.2.5.1.dylib"; sourceTree = "<group>"; };
		16467B332376C1D200D97ED0 /* libsfml-network.2.5.1.dylib */ = {isa = PBXFileReference; lastKnownFileType = "compiled.mach-o.dylib"; name = "libsfml-network.2.5.1.dylib"; path = "../tamagochi-1/tamagochi-mac/SFML/lib/libsfml-network.2.5.1.dylib"; sourceTree = "<group>"; };
		16467B342376C1D200D97ED0 /* libsfml-audio.2.5.1.dylib */ = {isa = PBXFileReference; lastKnownFileType = "compiled.mach-o.dylib"; name = "libsfml-audio.2.5.1.dylib"; path = "../tamagochi-1/tamagochi-mac/SFML/lib/libsfml-audio.2.5.1.dylib"; sourceTree = "<group>"; };
		1682EA402376C2A800E2A1C9 /* libsfml-system.2.5.1.dylib */ = {isa = PBXFileReference; lastKnownFileType = "compiled.mach-o.dylib"; name = "libsfml-system.2.5.1.dylib"; path = "SFML/lib/libsfml-system.2.5.1.dylib"; sourceTree = "<group>"; };
		1682EA412376C2A800E2A1C9 /* libsfml-audio.2.5.1.dylib */ = {isa = PBXFileReference; lastKnownFileType = "compiled.mach-o.dylib"; name = "libsfml-audio.2.5.1.dylib"; path = "SFML/lib/libsfml-audio.2.5.1.dylib"; sourceTree = "<group>"; };
		1682EA422376C2A800E2A1C9 /* libsfml-window.2.5.1.dylib */ = {isa = PBXFileReference; lastKnownFileType = "compiled.mach-o.dylib"; name = "libsfml-window.2.5.1.dylib"; path = "SFML/lib/libsfml-window.2.5.1.dylib"; sourceTree = "<group>"; };
		1682EA432376C2A800E2A1C9 /* libsfml-graphics.2.5.1.dylib */ = {isa = PBXFileReference; lastKnownFileType = "compiled.mach-o.dylib"; name = "libsfml-graphics.2.5.1.dylib"; path = "SFML/lib/libsfml-graphics.2.5.1.dylib"; sourceTree = "<group>"; };
		1682EA442376C2A800E2A1C9 /* libsfml-network.2.5.1.dylib */ = {isa = PBXFileReference; lastKnownFileType = "compiled.mach-o.dylib"; name = "libsfml-network.2.5.1.dylib"; path = "SFML/lib/libsfml-network.2.5.1.dylib"; sourceTree = "<group>"; };
		16C244432385309700186050 /* Enemy.h */ = {isa = PBXFileReference; lastKnownFileType = sourcecode.c.h; path = Enemy.h; sourceTree = "<group>"; };
		16DE2F7123817E7A00596425 /* Towers.h */ = {isa = PBXFileReference; lastKnownFileType = sourcecode.c.h; path = Towers.h; sourceTree = "<group>"; };
		16E38E63237BF99900566C7A /* world.h */ = {isa = PBXFileReference; lastKnownFileType = sourcecode.c.h; path = world.h; sourceTree = "<group>"; };
/* End PBXFileReference section */

/* Begin PBXFrameworksBuildPhase section */
		16467B132376BE9400D97ED0 /* Frameworks */ = {
			isa = PBXFrameworksBuildPhase;
			buildActionMask = 2147483647;
			files = (
				1682EA452376C2A800E2A1C9 /* libsfml-system.2.5.1.dylib in Frameworks */,
				1682EA462376C2A800E2A1C9 /* libsfml-audio.2.5.1.dylib in Frameworks */,
				1682EA472376C2A800E2A1C9 /* libsfml-window.2.5.1.dylib in Frameworks */,
				1682EA482376C2A800E2A1C9 /* libsfml-graphics.2.5.1.dylib in Frameworks */,
				1682EA492376C2A800E2A1C9 /* libsfml-network.2.5.1.dylib in Frameworks */,
			);
			runOnlyForDeploymentPostprocessing = 0;
		};
/* End PBXFrameworksBuildPhase section */

/* Begin PBXGroup section */
		16467B0D2376BE9400D97ED0 = {
			isa = PBXGroup;
			children = (
				16467B182376BE9400D97ED0 /* JowaSimulator */,
				16467B172376BE9400D97ED0 /* Products */,
				16467B202376BEEB00D97ED0 /* Frameworks */,
			);
			sourceTree = "<group>";
		};
		16467B172376BE9400D97ED0 /* Products */ = {
			isa = PBXGroup;
			children = (
				16467B162376BE9400D97ED0 /* JowaSimulator */,
			);
			name = Products;
			sourceTree = "<group>";
		};
		16467B182376BE9400D97ED0 /* JowaSimulator */ = {
			isa = PBXGroup;
			children = (
				16467B192376BE9400D97ED0 /* main.cpp */,
				16C244432385309700186050 /* Enemy.h */,
				16DE2F7123817E7A00596425 /* Towers.h */,
				16E38E63237BF99900566C7A /* world.h */,
			);
			path = JowaSimulator;
			sourceTree = "<group>";
		};
		16467B202376BEEB00D97ED0 /* Frameworks */ = {
			isa = PBXGroup;
			children = (
				1682EA412376C2A800E2A1C9 /* libsfml-audio.2.5.1.dylib */,
				1682EA432376C2A800E2A1C9 /* libsfml-graphics.2.5.1.dylib */,
				1682EA442376C2A800E2A1C9 /* libsfml-network.2.5.1.dylib */,
				1682EA402376C2A800E2A1C9 /* libsfml-system.2.5.1.dylib */,
				1682EA422376C2A800E2A1C9 /* libsfml-window.2.5.1.dylib */,
				16467B342376C1D200D97ED0 /* libsfml-audio.2.5.1.dylib */,
				16467B322376C1D200D97ED0 /* libsfml-graphics.2.5.1.dylib */,
				16467B332376C1D200D97ED0 /* libsfml-network.2.5.1.dylib */,
				16467B312376C1D200D97ED0 /* libsfml-system.2.5.1.dylib */,
				16467B302376C1D200D97ED0 /* libsfml-window.2.5.1.dylib */,
				16467B212376BEEB00D97ED0 /* libsfml-audio.2.5.1.dylib */,
				16467B222376BEEB00D97ED0 /* libsfml-graphics.2.5.1.dylib */,
				16467B252376BEEB00D97ED0 /* libsfml-network.2.5.1.dylib */,
				16467B242376BEEB00D97ED0 /* libsfml-system.2.5.1.dylib */,
				16467B232376BEEB00D97ED0 /* libsfml-window.2.5.1.dylib */,
			);
			name = Frameworks;
			sourceTree = "<group>";
		};
/* End PBXGroup section */

/* Begin PBXNativeTarget section */
		16467B152376BE9400D97ED0 /* JowaSimulator */ = {
			isa = PBXNativeTarget;
			buildConfigurationList = 16467B1D2376BE9400D97ED0 /* Build configuration list for PBXNativeTarget "JowaSimulator" */;
			buildPhases = (
				16467B122376BE9400D97ED0 /* Sources */,
				16467B132376BE9400D97ED0 /* Frameworks */,
				16467B142376BE9400D97ED0 /* CopyFiles */,
			);
			buildRules = (
			);
			dependencies = (
			);
			name = JowaSimulator;
			productName = JowaSimulator;
			productReference = 16467B162376BE9400D97ED0 /* JowaSimulator */;
			productType = "com.apple.product-type.tool";
		};
/* End PBXNativeTarget section */

/* Begin PBXProject section */
		16467B0E2376BE9400D97ED0 /* Project object */ = {
			isa = PBXProject;
			attributes = {
				LastUpgradeCheck = 1030;
				ORGANIZATIONNAME = "Jacob Darvin";
				TargetAttributes = {
					16467B152376BE9400D97ED0 = {
						CreatedOnToolsVersion = 10.3;
					};
				};
			};
			buildConfigurationList = 16467B112376BE9400D97ED0 /* Build configuration list for PBXProject "JowaSimulator" */;
			compatibilityVersion = "Xcode 9.3";
			developmentRegion = en;
			hasScannedForEncodings = 0;
			knownRegions = (
				en,
			);
			mainGroup = 16467B0D2376BE9400D97ED0;
			productRefGroup = 16467B172376BE9400D97ED0 /* Products */;
			projectDirPath = "";
			projectRoot = "";
			targets = (
				16467B152376BE9400D97ED0 /* JowaSimulator */,
			);
		};
/* End PBXProject section */

/* Begin PBXSourcesBuildPhase section */
		16467B122376BE9400D97ED0 /* Sources */ = {
			isa = PBXSourcesBuildPhase;
			buildActionMask = 2147483647;
			files = (
				16467B1A2376BE9400D97ED0 /* main.cpp in Sources */,
			);
			runOnlyForDeploymentPostprocessing = 0;
		};
/* End PBXSourcesBuildPhase section */

/* Begin XCBuildConfiguration section */
		16467B1B2376BE9400D97ED0 /* Debug */ = {
			isa = XCBuildConfiguration;
			buildSettings = {
				ALWAYS_SEARCH_USER_PATHS = NO;
				CLANG_ANALYZER_NONNULL = YES;
				CLANG_ANALYZER_NUMBER_OBJECT_CONVERSION = YES_AGGRESSIVE;
				CLANG_CXX_LANGUAGE_STANDARD = "gnu++14";
				CLANG_CXX_LIBRARY = "libc++";
				CLANG_ENABLE_MODULES = YES;
				CLANG_ENABLE_OBJC_ARC = YES;
				CLANG_ENABLE_OBJC_WEAK = YES;
				CLANG_WARN_BLOCK_CAPTURE_AUTORELEASING = YES;
				CLANG_WARN_BOOL_CONVERSION = YES;
				CLANG_WARN_COMMA = YES;
				CLANG_WARN_CONSTANT_CONVERSION = YES;
				CLANG_WARN_DEPRECATED_OBJC_IMPLEMENTATIONS = YES;
				CLANG_WARN_DIRECT_OBJC_ISA_USAGE = YES_ERROR;
				CLANG_WARN_DOCUMENTATION_COMMENTS = YES;
				CLANG_WARN_EMPTY_BODY = YES;
				CLANG_WARN_ENUM_CONVERSION = YES;
				CLANG_WARN_INFINITE_RECURSION = YES;
				CLANG_WARN_INT_CONVERSION = YES;
				CLANG_WARN_NON_LITERAL_NULL_CONVERSION = YES;
				CLANG_WARN_OBJC_IMPLICIT_RETAIN_SELF = YES;
				CLANG_WARN_OBJC_LITERAL_CONVERSION = YES;
				CLANG_WARN_OBJC_ROOT_CLASS = YES_ERROR;
				CLANG_WARN_RANGE_LOOP_ANALYSIS = YES;
				CLANG_WARN_STRICT_PROTOTYPES = YES;
				CLANG_WARN_SUSPICIOUS_MOVE = YES;
				CLANG_WARN_UNGUARDED_AVAILABILITY = YES_AGGRESSIVE;
				CLANG_WARN_UNREACHABLE_CODE = YES;
				CLANG_WARN__DUPLICATE_METHOD_MATCH = YES;
				CODE_SIGN_IDENTITY = "-";
				COPY_PHASE_STRIP = NO;
				DEBUG_INFORMATION_FORMAT = dwarf;
				ENABLE_STRICT_OBJC_MSGSEND = YES;
				ENABLE_TESTABILITY = YES;
				GCC_C_LANGUAGE_STANDARD = gnu11;
				GCC_DYNAMIC_NO_PIC = NO;
				GCC_NO_COMMON_BLOCKS = YES;
				GCC_OPTIMIZATION_LEVEL = 0;
				GCC_PREPROCESSOR_DEFINITIONS = (
					"DEBUG=1",
					"$(inherited)",
				);
				GCC_WARN_64_TO_32_BIT_CONVERSION = YES;
				GCC_WARN_ABOUT_RETURN_TYPE = YES_ERROR;
				GCC_WARN_UNDECLARED_SELECTOR = YES;
				GCC_WARN_UNINITIALIZED_AUTOS = YES_AGGRESSIVE;
				GCC_WARN_UNUSED_FUNCTION = YES;
				GCC_WARN_UNUSED_VARIABLE = YES;
				MACOSX_DEPLOYMENT_TARGET = 10.15;
				MTL_ENABLE_DEBUG_INFO = INCLUDE_SOURCE;
				MTL_FAST_MATH = YES;
				ONLY_ACTIVE_ARCH = YES;
				SDKROOT = macosx;
			};
			name = Debug;
		};
		16467B1C2376BE9400D97ED0 /* Release */ = {
			isa = XCBuildConfiguration;
			buildSettings = {
				ALWAYS_SEARCH_USER_PATHS = NO;
				CLANG_ANALYZER_NONNULL = YES;
				CLANG_ANALYZER_NUMBER_OBJECT_CONVERSION = YES_AGGRESSIVE;
				CLANG_CXX_LANGUAGE_STANDARD = "gnu++14";
				CLANG_CXX_LIBRARY = "libc++";
				CLANG_ENABLE_MODULES = YES;
				CLANG_ENABLE_OBJC_ARC = YES;
				CLANG_ENABLE_OBJC_WEAK = YES;
				CLANG_WARN_BLOCK_CAPTURE_AUTORELEASING = YES;
				CLANG_WARN_BOOL_CONVERSION = YES;
				CLANG_WARN_COMMA = YES;
				CLANG_WARN_CONSTANT_CONVERSION = YES;
				CLANG_WARN_DEPRECATED_OBJC_IMPLEMENTATIONS = YES;
				CLANG_WARN_DIRECT_OBJC_ISA_USAGE = YES_ERROR;
				CLANG_WARN_DOCUMENTATION_COMMENTS = YES;
				CLANG_WARN_EMPTY_BODY = YES;
				CLANG_WARN_ENUM_CONVERSION = YES;
				CLANG_WARN_INFINITE_RECURSION = YES;
				CLANG_WARN_INT_CONVERSION = YES;
				CLANG_WARN_NON_LITERAL_NULL_CONVERSION = YES;
				CLANG_WARN_OBJC_IMPLICIT_RETAIN_SELF = YES;
				CLANG_WARN_OBJC_LITERAL_CONVERSION = YES;
				CLANG_WARN_OBJC_ROOT_CLASS = YES_ERROR;
				CLANG_WARN_RANGE_LOOP_ANALYSIS = YES;
				CLANG_WARN_STRICT_PROTOTYPES = YES;
				CLANG_WARN_SUSPICIOUS_MOVE = YES;
				CLANG_WARN_UNGUARDED_AVAILABILITY = YES_AGGRESSIVE;
				CLANG_WARN_UNREACHABLE_CODE = YES;
				CLANG_WARN__DUPLICATE_METHOD_MATCH = YES;
				CODE_SIGN_IDENTITY = "-";
				COPY_PHASE_STRIP = NO;
				DEBUG_INFORMATION_FORMAT = "dwarf-with-dsym";
				ENABLE_NS_ASSERTIONS = NO;
				ENABLE_STRICT_OBJC_MSGSEND = YES;
				GCC_C_LANGUAGE_STANDARD = gnu11;
				GCC_NO_COMMON_BLOCKS = YES;
				GCC_WARN_64_TO_32_BIT_CONVERSION = YES;
				GCC_WARN_ABOUT_RETURN_TYPE = YES_ERROR;
				GCC_WARN_UNDECLARED_SELECTOR = YES;
				GCC_WARN_UNINITIALIZED_AUTOS = YES_AGGRESSIVE;
				GCC_WARN_UNUSED_FUNCTION = YES;
				GCC_WARN_UNUSED_VARIABLE = YES;
				MACOSX_DEPLOYMENT_TARGET = 10.15;
				MTL_ENABLE_DEBUG_INFO = NO;
				MTL_FAST_MATH = YES;
				SDKROOT = macosx;
			};
			name = Release;
		};
		16467B1E2376BE9400D97ED0 /* Debug */ = {
			isa = XCBuildConfiguration;
			buildSettings = {
				CODE_SIGN_STYLE = Automatic;
				HEADER_SEARCH_PATHS = $SRCROOT/SFML/include;
				LIBRARY_SEARCH_PATHS = (
					"$(inherited)",
					"$(PROJECT_DIR)/SFML/lib",
				);
				MACOSX_DEPLOYMENT_TARGET = 10.14;
				PRODUCT_NAME = "$(TARGET_NAME)";
			};
			name = Debug;
		};
		16467B1F2376BE9400D97ED0 /* Release */ = {
			isa = XCBuildConfiguration;
			buildSettings = {
				CODE_SIGN_STYLE = Automatic;
				HEADER_SEARCH_PATHS = $SRCROOT/SFML/include;
				LIBRARY_SEARCH_PATHS = (
					"$(inherited)",
					"$(PROJECT_DIR)/SFML/lib",
				);
				MACOSX_DEPLOYMENT_TARGET = 10.14;
				PRODUCT_NAME = "$(TARGET_NAME)";
			};
			name = Release;
		};
/* End XCBuildConfiguration section */

/* Begin XCConfigurationList section */
		16467B112376BE9400D97ED0 /* Build configuration list for PBXProject "JowaSimulator" */ = {
			isa = XCConfigurationList;
			buildConfigurations = (
				16467B1B2376BE9400D97ED0 /* Debug */,
				16467B1C2376BE9400D97ED0 /* Release */,
			);
			defaultConfigurationIsVisible = 0;
			defaultConfigurationName = Release;
		};
		16467B1D2376BE9400D97ED0 /* Build configuration list for PBXNativeTarget "JowaSimulator" */ = {
			isa = XCConfigurationList;
			buildConfigurations = (
				16467B1E2376BE9400D97ED0 /* Debug */,
				16467B1F2376BE9400D97ED0 /* Release */,
			);
			defaultConfigurationIsVisible = 0;
			defaultConfigurationName = Release;
		};
/* End XCConfigurationList section */
	};
	rootObject = 16467B0E2376BE9400D97ED0 /* Project object */;
}
